
Microsoft Visual Studio Solution File, Format Version 12.00
# Visual Studio 2013
VisualStudioVersion = 12.0.21005.1
MinimumVisualStudioVersion = 10.0.40219.1
Project("{FAE04EC0-301F-11D3-BF4B-00C04F79EFBC}") = "Commando.Core", "Commando.Core\Commando.Core.csproj", "{D3E22854-FCC8-45BD-B49E-08F0028B29D1}"
EndProject
Project("{FAE04EC0-301F-11D3-BF4B-00C04F79EFBC}") = "Commando.Test", "Commando.Test\Commando.Test.csproj", "{27BD541A-A1D1-48D1-BF8C-BA0B1E7BCB5D}"
EndProject
Project("{FAE04EC0-301F-11D3-BF4B-00C04F79EFBC}") = "Commando.RabbitMQ", "Commando.RabbitMQ\Commando.RabbitMQ.csproj", "{91F74BA6-D94B-4314-B223-6BD279C38C48}"
EndProject
Project("{FAE04EC0-301F-11D3-BF4B-00C04F79EFBC}") = "Commando.Autofac", "Commando.Autofac\Commando.Autofac.csproj", "{042597FF-1013-4EF2-B6C8-D12BBBE70BA4}"
EndProject
Global
	GlobalSection(SolutionConfigurationPlatforms) = preSolution
		Debug|Any CPU = Debug|Any CPU
		Release|Any CPU = Release|Any CPU
	EndGlobalSection
	GlobalSection(ProjectConfigurationPlatforms) = postSolution
		{D3E22854-FCC8-45BD-B49E-08F0028B29D1}.Debug|Any CPU.ActiveCfg = Debug|Any CPU
		{D3E22854-FCC8-45BD-B49E-08F0028B29D1}.Debug|Any CPU.Build.0 = Debug|Any CPU
		{D3E22854-FCC8-45BD-B49E-08F0028B29D1}.Release|Any CPU.ActiveCfg = Release|Any CPU
		{D3E22854-FCC8-45BD-B49E-08F0028B29D1}.Release|Any CPU.Build.0 = Release|Any CPU
		{27BD541A-A1D1-48D1-BF8C-BA0B1E7BCB5D}.Debug|Any CPU.ActiveCfg = Debug|Any CPU
		{27BD541A-A1D1-48D1-BF8C-BA0B1E7BCB5D}.Debug|Any CPU.Build.0 = Debug|Any CPU
		{27BD541A-A1D1-48D1-BF8C-BA0B1E7BCB5D}.Release|Any CPU.ActiveCfg = Release|Any CPU
		{27BD541A-A1D1-48D1-BF8C-BA0B1E7BCB5D}.Release|Any CPU.Build.0 = Release|Any CPU
		{91F74BA6-D94B-4314-B223-6BD279C38C48}.Debug|Any CPU.ActiveCfg = Debug|Any CPU
		{91F74BA6-D94B-4314-B223-6BD279C38C48}.Debug|Any CPU.Build.0 = Debug|Any CPU
		{91F74BA6-D94B-4314-B223-6BD279C38C48}.Release|Any CPU.ActiveCfg = Release|Any CPU
		{91F74BA6-D94B-4314-B223-6BD279C38C48}.Release|Any CPU.Build.0 = Release|Any CPU
		{042597FF-1013-4EF2-B6C8-D12BBBE70BA4}.Debug|Any CPU.ActiveCfg = Debug|Any CPU
		{042597FF-1013-4EF2-B6C8-D12BBBE70BA4}.Debug|Any CPU.Build.0 = Debug|Any CPU
		{042597FF-1013-4EF2-B6C8-D12BBBE70BA4}.Release|Any CPU.ActiveCfg = Release|Any CPU
		{042597FF-1013-4EF2-B6C8-D12BBBE70BA4}.Release|Any CPU.Build.0 = Release|Any CPU
	EndGlobalSection
	GlobalSection(SolutionProperties) = preSolution
		HideSolutionNode = FALSE
	EndGlobalSection
EndGlobal
